
Microsoft Visual Studio Solution File, Format Version 12.00
# Visual Studio 2013
VisualStudioVersion = 12.0.30501.0
MinimumVisualStudioVersion = 10.0.40219.1
Project("{FAE04EC0-301F-11D3-BF4B-00C04F79EFBC}") = "ConnectFour-FinalProject", "ConnectFour-FinalProject\ConnectFour-FinalProject.csproj", "{BA815F03-9017-495E-8515-AF2C85B67473}"
EndProject
Project("{2150E333-8FDC-42A3-9474-1A3956D46DE8}") = "Solution Items", "Solution Items", "{C74CAE0B-2376-4BA4-8FDC-71DE0831F531}"
	ProjectSection(SolutionItems) = preProject
		ConnectFour-FinalProject\Resources\Clocktick.wav = ConnectFour-FinalProject\Resources\Clocktick.wav
	EndProjectSection
EndProject
Project("{FAE04EC0-301F-11D3-BF4B-00C04F79EFBC}") = "ConnectFourWindowsPhone", "ConnectFourWindowsPhone\ConnectFourWindowsPhone.csproj", "{142A4774-29FE-4528-A928-5D2FFEE81BAF}"
EndProject
Project("{FAE04EC0-301F-11D3-BF4B-00C04F79EFBC}") = "App1", "App1\App1.csproj", "{5DE99B81-2438-4DF0-8E1A-11BB6FFBEDAD}"
EndProject
Global
	GlobalSection(SolutionConfigurationPlatforms) = preSolution
		Ad-Hoc|Any CPU = Ad-Hoc|Any CPU
		Ad-Hoc|ARM = Ad-Hoc|ARM
		Ad-Hoc|iPhone = Ad-Hoc|iPhone
		Ad-Hoc|iPhoneSimulator = Ad-Hoc|iPhoneSimulator
		Ad-Hoc|Mixed Platforms = Ad-Hoc|Mixed Platforms
		Ad-Hoc|x86 = Ad-Hoc|x86
		AppStore|Any CPU = AppStore|Any CPU
		AppStore|ARM = AppStore|ARM
		AppStore|iPhone = AppStore|iPhone
		AppStore|iPhoneSimulator = AppStore|iPhoneSimulator
		AppStore|Mixed Platforms = AppStore|Mixed Platforms
		AppStore|x86 = AppStore|x86
		Debug|Any CPU = Debug|Any CPU
		Debug|ARM = Debug|ARM
		Debug|iPhone = Debug|iPhone
		Debug|iPhoneSimulator = Debug|iPhoneSimulator
		Debug|Mixed Platforms = Debug|Mixed Platforms
		Debug|x86 = Debug|x86
		Release|Any CPU = Release|Any CPU
		Release|ARM = Release|ARM
		Release|iPhone = Release|iPhone
		Release|iPhoneSimulator = Release|iPhoneSimulator
		Release|Mixed Platforms = Release|Mixed Platforms
		Release|x86 = Release|x86
	EndGlobalSection
	GlobalSection(ProjectConfigurationPlatforms) = postSolution
		{BA815F03-9017-495E-8515-AF2C85B67473}.Ad-Hoc|Any CPU.ActiveCfg = Release|Any CPU
		{BA815F03-9017-495E-8515-AF2C85B67473}.Ad-Hoc|Any CPU.Build.0 = Release|Any CPU
		{BA815F03-9017-495E-8515-AF2C85B67473}.Ad-Hoc|ARM.ActiveCfg = Release|Any CPU
		{BA815F03-9017-495E-8515-AF2C85B67473}.Ad-Hoc|iPhone.ActiveCfg = Release|Any CPU
		{BA815F03-9017-495E-8515-AF2C85B67473}.Ad-Hoc|iPhoneSimulator.ActiveCfg = Release|Any CPU
		{BA815F03-9017-495E-8515-AF2C85B67473}.Ad-Hoc|Mixed Platforms.ActiveCfg = Release|Any CPU
		{BA815F03-9017-495E-8515-AF2C85B67473}.Ad-Hoc|Mixed Platforms.Build.0 = Release|Any CPU
		{BA815F03-9017-495E-8515-AF2C85B67473}.Ad-Hoc|x86.ActiveCfg = Release|Any CPU
		{BA815F03-9017-495E-8515-AF2C85B67473}.AppStore|Any CPU.ActiveCfg = Release|Any CPU
		{BA815F03-9017-495E-8515-AF2C85B67473}.AppStore|Any CPU.Build.0 = Release|Any CPU
		{BA815F03-9017-495E-8515-AF2C85B67473}.AppStore|ARM.ActiveCfg = Release|Any CPU
		{BA815F03-9017-495E-8515-AF2C85B67473}.AppStore|iPhone.ActiveCfg = Release|Any CPU
		{BA815F03-9017-495E-8515-AF2C85B67473}.AppStore|iPhoneSimulator.ActiveCfg = Release|Any CPU
		{BA815F03-9017-495E-8515-AF2C85B67473}.AppStore|Mixed Platforms.ActiveCfg = Release|Any CPU
		{BA815F03-9017-495E-8515-AF2C85B67473}.AppStore|Mixed Platforms.Build.0 = Release|Any CPU
		{BA815F03-9017-495E-8515-AF2C85B67473}.AppStore|x86.ActiveCfg = Release|Any CPU
		{BA815F03-9017-495E-8515-AF2C85B67473}.Debug|Any CPU.ActiveCfg = Debug|Any CPU
		{BA815F03-9017-495E-8515-AF2C85B67473}.Debug|Any CPU.Build.0 = Debug|Any CPU
		{BA815F03-9017-495E-8515-AF2C85B67473}.Debug|ARM.ActiveCfg = Debug|Any CPU
		{BA815F03-9017-495E-8515-AF2C85B67473}.Debug|iPhone.ActiveCfg = Debug|Any CPU
		{BA815F03-9017-495E-8515-AF2C85B67473}.Debug|iPhoneSimulator.ActiveCfg = Debug|Any CPU
		{BA815F03-9017-495E-8515-AF2C85B67473}.Debug|Mixed Platforms.ActiveCfg = Debug|Any CPU
		{BA815F03-9017-495E-8515-AF2C85B67473}.Debug|Mixed Platforms.Build.0 = Debug|Any CPU
		{BA815F03-9017-495E-8515-AF2C85B67473}.Debug|x86.ActiveCfg = Debug|Any CPU
		{BA815F03-9017-495E-8515-AF2C85B67473}.Release|Any CPU.ActiveCfg = Release|Any CPU
		{BA815F03-9017-495E-8515-AF2C85B67473}.Release|Any CPU.Build.0 = Release|Any CPU
		{BA815F03-9017-495E-8515-AF2C85B67473}.Release|ARM.ActiveCfg = Release|Any CPU
		{BA815F03-9017-495E-8515-AF2C85B67473}.Release|iPhone.ActiveCfg = Release|Any CPU
		{BA815F03-9017-495E-8515-AF2C85B67473}.Release|iPhoneSimulator.ActiveCfg = Release|Any CPU
		{BA815F03-9017-495E-8515-AF2C85B67473}.Release|Mixed Platforms.ActiveCfg = Release|Any CPU
		{BA815F03-9017-495E-8515-AF2C85B67473}.Release|Mixed Platforms.Build.0 = Release|Any CPU
		{BA815F03-9017-495E-8515-AF2C85B67473}.Release|x86.ActiveCfg = Release|Any CPU
		{142A4774-29FE-4528-A928-5D2FFEE81BAF}.Ad-Hoc|Any CPU.ActiveCfg = Release|x86
		{142A4774-29FE-4528-A928-5D2FFEE81BAF}.Ad-Hoc|ARM.ActiveCfg = Release|ARM
		{142A4774-29FE-4528-A928-5D2FFEE81BAF}.Ad-Hoc|ARM.Build.0 = Release|ARM
		{142A4774-29FE-4528-A928-5D2FFEE81BAF}.Ad-Hoc|ARM.Deploy.0 = Release|ARM
		{142A4774-29FE-4528-A928-5D2FFEE81BAF}.Ad-Hoc|iPhone.ActiveCfg = Release|x86
		{142A4774-29FE-4528-A928-5D2FFEE81BAF}.Ad-Hoc|iPhoneSimulator.ActiveCfg = Release|x86
		{142A4774-29FE-4528-A928-5D2FFEE81BAF}.Ad-Hoc|Mixed Platforms.ActiveCfg = Release|x86
		{142A4774-29FE-4528-A928-5D2FFEE81BAF}.Ad-Hoc|Mixed Platforms.Build.0 = Release|x86
		{142A4774-29FE-4528-A928-5D2FFEE81BAF}.Ad-Hoc|Mixed Platforms.Deploy.0 = Release|x86
		{142A4774-29FE-4528-A928-5D2FFEE81BAF}.Ad-Hoc|x86.ActiveCfg = Release|x86
		{142A4774-29FE-4528-A928-5D2FFEE81BAF}.Ad-Hoc|x86.Build.0 = Release|x86
		{142A4774-29FE-4528-A928-5D2FFEE81BAF}.Ad-Hoc|x86.Deploy.0 = Release|x86
		{142A4774-29FE-4528-A928-5D2FFEE81BAF}.AppStore|Any CPU.ActiveCfg = Release|x86
		{142A4774-29FE-4528-A928-5D2FFEE81BAF}.AppStore|ARM.ActiveCfg = Release|ARM
		{142A4774-29FE-4528-A928-5D2FFEE81BAF}.AppStore|ARM.Build.0 = Release|ARM
		{142A4774-29FE-4528-A928-5D2FFEE81BAF}.AppStore|ARM.Deploy.0 = Release|ARM
		{142A4774-29FE-4528-A928-5D2FFEE81BAF}.AppStore|iPhone.ActiveCfg = Release|x86
		{142A4774-29FE-4528-A928-5D2FFEE81BAF}.AppStore|iPhoneSimulator.ActiveCfg = Release|x86
		{142A4774-29FE-4528-A928-5D2FFEE81BAF}.AppStore|Mixed Platforms.ActiveCfg = Release|x86
		{142A4774-29FE-4528-A928-5D2FFEE81BAF}.AppStore|Mixed Platforms.Build.0 = Release|x86
		{142A4774-29FE-4528-A928-5D2FFEE81BAF}.AppStore|Mixed Platforms.Deploy.0 = Release|x86
		{142A4774-29FE-4528-A928-5D2FFEE81BAF}.AppStore|x86.ActiveCfg = Release|x86
		{142A4774-29FE-4528-A928-5D2FFEE81BAF}.AppStore|x86.Build.0 = Release|x86
		{142A4774-29FE-4528-A928-5D2FFEE81BAF}.AppStore|x86.Deploy.0 = Release|x86
		{142A4774-29FE-4528-A928-5D2FFEE81BAF}.Debug|Any CPU.ActiveCfg = Debug|x86
		{142A4774-29FE-4528-A928-5D2FFEE81BAF}.Debug|ARM.ActiveCfg = Debug|ARM
		{142A4774-29FE-4528-A928-5D2FFEE81BAF}.Debug|ARM.Build.0 = Debug|ARM
		{142A4774-29FE-4528-A928-5D2FFEE81BAF}.Debug|ARM.Deploy.0 = Debug|ARM
		{142A4774-29FE-4528-A928-5D2FFEE81BAF}.Debug|iPhone.ActiveCfg = Debug|x86
		{142A4774-29FE-4528-A928-5D2FFEE81BAF}.Debug|iPhoneSimulator.ActiveCfg = Debug|x86
		{142A4774-29FE-4528-A928-5D2FFEE81BAF}.Debug|Mixed Platforms.ActiveCfg = Debug|x86
		{142A4774-29FE-4528-A928-5D2FFEE81BAF}.Debug|Mixed Platforms.Build.0 = Debug|x86
		{142A4774-29FE-4528-A928-5D2FFEE81BAF}.Debug|Mixed Platforms.Deploy.0 = Debug|x86
		{142A4774-29FE-4528-A928-5D2FFEE81BAF}.Debug|x86.ActiveCfg = Debug|x86
		{142A4774-29FE-4528-A928-5D2FFEE81BAF}.Debug|x86.Build.0 = Debug|x86
		{142A4774-29FE-4528-A928-5D2FFEE81BAF}.Debug|x86.Deploy.0 = Debug|x86
		{142A4774-29FE-4528-A928-5D2FFEE81BAF}.Release|Any CPU.ActiveCfg = Release|x86
		{142A4774-29FE-4528-A928-5D2FFEE81BAF}.Release|ARM.ActiveCfg = Release|ARM
		{142A4774-29FE-4528-A928-5D2FFEE81BAF}.Release|ARM.Build.0 = Release|ARM
		{142A4774-29FE-4528-A928-5D2FFEE81BAF}.Release|ARM.Deploy.0 = Release|ARM
		{142A4774-29FE-4528-A928-5D2FFEE81BAF}.Release|iPhone.ActiveCfg = Release|x86
		{142A4774-29FE-4528-A928-5D2FFEE81BAF}.Release|iPhoneSimulator.ActiveCfg = Release|x86
		{142A4774-29FE-4528-A928-5D2FFEE81BAF}.Release|Mixed Platforms.ActiveCfg = Release|x86
		{142A4774-29FE-4528-A928-5D2FFEE81BAF}.Release|Mixed Platforms.Build.0 = Release|x86
		{142A4774-29FE-4528-A928-5D2FFEE81BAF}.Release|Mixed Platforms.Deploy.0 = Release|x86
		{142A4774-29FE-4528-A928-5D2FFEE81BAF}.Release|x86.ActiveCfg = Release|x86
		{142A4774-29FE-4528-A928-5D2FFEE81BAF}.Release|x86.Build.0 = Release|x86
		{142A4774-29FE-4528-A928-5D2FFEE81BAF}.Release|x86.Deploy.0 = Release|x86
		{5DE99B81-2438-4DF0-8E1A-11BB6FFBEDAD}.Ad-Hoc|Any CPU.ActiveCfg = Ad-Hoc|iPhone
		{5DE99B81-2438-4DF0-8E1A-11BB6FFBEDAD}.Ad-Hoc|ARM.ActiveCfg = Ad-Hoc|iPhone
		{5DE99B81-2438-4DF0-8E1A-11BB6FFBEDAD}.Ad-Hoc|iPhone.ActiveCfg = Ad-Hoc|iPhone
		{5DE99B81-2438-4DF0-8E1A-11BB6FFBEDAD}.Ad-Hoc|iPhone.Build.0 = Ad-Hoc|iPhone
		{5DE99B81-2438-4DF0-8E1A-11BB6FFBEDAD}.Ad-Hoc|iPhone.Deploy.0 = Ad-Hoc|iPhone
		{5DE99B81-2438-4DF0-8E1A-11BB6FFBEDAD}.Ad-Hoc|iPhoneSimulator.ActiveCfg = Ad-Hoc|iPhoneSimulator
		{5DE99B81-2438-4DF0-8E1A-11BB6FFBEDAD}.Ad-Hoc|iPhoneSimulator.Build.0 = Ad-Hoc|iPhoneSimulator
		{5DE99B81-2438-4DF0-8E1A-11BB6FFBEDAD}.Ad-Hoc|iPhoneSimulator.Deploy.0 = Ad-Hoc|iPhoneSimulator
		{5DE99B81-2438-4DF0-8E1A-11BB6FFBEDAD}.Ad-Hoc|Mixed Platforms.ActiveCfg = Ad-Hoc|iPhone
		{5DE99B81-2438-4DF0-8E1A-11BB6FFBEDAD}.Ad-Hoc|Mixed Platforms.Build.0 = Ad-Hoc|iPhone
		{5DE99B81-2438-4DF0-8E1A-11BB6FFBEDAD}.Ad-Hoc|Mixed Platforms.Deploy.0 = Ad-Hoc|iPhone
		{5DE99B81-2438-4DF0-8E1A-11BB6FFBEDAD}.Ad-Hoc|x86.ActiveCfg = Ad-Hoc|iPhone
		{5DE99B81-2438-4DF0-8E1A-11BB6FFBEDAD}.AppStore|Any CPU.ActiveCfg = AppStore|iPhone
		{5DE99B81-2438-4DF0-8E1A-11BB6FFBEDAD}.AppStore|ARM.ActiveCfg = AppStore|iPhone
		{5DE99B81-2438-4DF0-8E1A-11BB6FFBEDAD}.AppStore|iPhone.ActiveCfg = AppStore|iPhone
		{5DE99B81-2438-4DF0-8E1A-11BB6FFBEDAD}.AppStore|iPhone.Build.0 = AppStore|iPhone
		{5DE99B81-2438-4DF0-8E1A-11BB6FFBEDAD}.AppStore|iPhone.Deploy.0 = AppStore|iPhone
		{5DE99B81-2438-4DF0-8E1A-11BB6FFBEDAD}.AppStore|iPhoneSimulator.ActiveCfg = AppStore|iPhoneSimulator
		{5DE99B81-2438-4DF0-8E1A-11BB6FFBEDAD}.AppStore|iPhoneSimulator.Build.0 = AppStore|iPhoneSimulator
		{5DE99B81-2438-4DF0-8E1A-11BB6FFBEDAD}.AppStore|iPhoneSimulator.Deploy.0 = AppStore|iPhoneSimulator
		{5DE99B81-2438-4DF0-8E1A-11BB6FFBEDAD}.AppStore|Mixed Platforms.ActiveCfg = AppStore|iPhone
		{5DE99B81-2438-4DF0-8E1A-11BB6FFBEDAD}.AppStore|Mixed Platforms.Build.0 = AppStore|iPhone
		{5DE99B81-2438-4DF0-8E1A-11BB6FFBEDAD}.AppStore|Mixed Platforms.Deploy.0 = AppStore|iPhone
		{5DE99B81-2438-4DF0-8E1A-11BB6FFBEDAD}.AppStore|x86.ActiveCfg = AppStore|iPhone
		{5DE99B81-2438-4DF0-8E1A-11BB6FFBEDAD}.Debug|Any CPU.ActiveCfg = Debug|iPhone
		{5DE99B81-2438-4DF0-8E1A-11BB6FFBEDAD}.Debug|ARM.ActiveCfg = Debug|iPhone
		{5DE99B81-2438-4DF0-8E1A-11BB6FFBEDAD}.Debug|iPhone.ActiveCfg = Debug|iPhone
		{5DE99B81-2438-4DF0-8E1A-11BB6FFBEDAD}.Debug|iPhone.Build.0 = Debug|iPhone
		{5DE99B81-2438-4DF0-8E1A-11BB6FFBEDAD}.Debug|iPhone.Deploy.0 = Debug|iPhone
		{5DE99B81-2438-4DF0-8E1A-11BB6FFBEDAD}.Debug|iPhoneSimulator.ActiveCfg = Debug|iPhoneSimulator
		{5DE99B81-2438-4DF0-8E1A-11BB6FFBEDAD}.Debug|iPhoneSimulator.Build.0 = Debug|iPhoneSimulator
		{5DE99B81-2438-4DF0-8E1A-11BB6FFBEDAD}.Debug|iPhoneSimulator.Deploy.0 = Debug|iPhoneSimulator
		{5DE99B81-2438-4DF0-8E1A-11BB6FFBEDAD}.Debug|Mixed Platforms.ActiveCfg = Debug|iPhone
		{5DE99B81-2438-4DF0-8E1A-11BB6FFBEDAD}.Debug|Mixed Platforms.Build.0 = Debug|iPhone
		{5DE99B81-2438-4DF0-8E1A-11BB6FFBEDAD}.Debug|Mixed Platforms.Deploy.0 = Debug|iPhone
		{5DE99B81-2438-4DF0-8E1A-11BB6FFBEDAD}.Debug|x86.ActiveCfg = Debug|iPhone
		{5DE99B81-2438-4DF0-8E1A-11BB6FFBEDAD}.Release|Any CPU.ActiveCfg = Release|iPhone
		{5DE99B81-2438-4DF0-8E1A-11BB6FFBEDAD}.Release|ARM.ActiveCfg = Release|iPhone
		{5DE99B81-2438-4DF0-8E1A-11BB6FFBEDAD}.Release|iPhone.ActiveCfg = Release|iPhone
		{5DE99B81-2438-4DF0-8E1A-11BB6FFBEDAD}.Release|iPhone.Build.0 = Release|iPhone
		{5DE99B81-2438-4DF0-8E1A-11BB6FFBEDAD}.Release|iPhone.Deploy.0 = Release|iPhone
		{5DE99B81-2438-4DF0-8E1A-11BB6FFBEDAD}.Release|iPhoneSimulator.ActiveCfg = Release|iPhoneSimulator
		{5DE99B81-2438-4DF0-8E1A-11BB6FFBEDAD}.Release|iPhoneSimulator.Build.0 = Release|iPhoneSimulator
		{5DE99B81-2438-4DF0-8E1A-11BB6FFBEDAD}.Release|iPhoneSimulator.Deploy.0 = Release|iPhoneSimulator
		{5DE99B81-2438-4DF0-8E1A-11BB6FFBEDAD}.Release|Mixed Platforms.ActiveCfg = Release|iPhone
		{5DE99B81-2438-4DF0-8E1A-11BB6FFBEDAD}.Release|Mixed Platforms.Build.0 = Release|iPhone
		{5DE99B81-2438-4DF0-8E1A-11BB6FFBEDAD}.Release|Mixed Platforms.Deploy.0 = Release|iPhone
		{5DE99B81-2438-4DF0-8E1A-11BB6FFBEDAD}.Release|x86.ActiveCfg = Release|iPhone
	EndGlobalSection
	GlobalSection(SolutionProperties) = preSolution
		HideSolutionNode = FALSE
	EndGlobalSection
EndGlobal
